<Solution>
  <Project Path="Alejandra-Chavez ACT 10/Alejandra-Chavez ACT 10.csproj" Id="28dda8d5-2265-4df8-933a-76815359a1ab" />
  <Project Path="Punto2/Punto2.csproj" Id="67e10759-9787-426e-83b9-194691356376" />
  <Project Path="Punto3/Punto3.csproj" Id="7051deae-daec-460c-acc2-29de3db24cbb" />
</Solution>
