<Solution>
  <Project Path="Alejandra-Chavez ACT1/Alejandra-Chavez ACT1.csproj" />
  <Project Path="Punto 3/Punto 3.csproj" />
  <Project Path="Punto2/Punto2.csproj" />
  <Project Path="Punto4/Punto4.csproj" />
  <Project Path="Punto5/Punto5.csproj" />
  <Project Path="Punto6/Punto6.csproj" />
</Solution>
