<Solution>
  <Project Path="Punto1/Punto1.csproj" Id="162a9adb-161f-4932-8f0b-6b950e847563" />
  <Project Path="Punto2/Punto2.csproj" Id="a1271322-11ad-44c4-99bd-011d2b2af996" />
  <Project Path="Punto3/Punto3.csproj" Id="b670d0d4-d604-4d78-a83e-2edfced82208" />
  <Project Path="Punto4/Punto4.csproj" Id="eaa666d5-289a-4f69-a0d7-b2e94e4682d5" />
  <Project Path="Punto5/Punto5.csproj" Id="a450b315-8930-4237-ab0f-f9bc73d184b5" />
</Solution>
