<Solution>
  <Project Path="Alejandra-Chavez Act4/Alejandra-Chavez Act4.csproj" Id="ff296c96-f8d5-481d-ac8c-13bd4f4b4e6b" />
  <Project Path="Punto2/Punto2.csproj" Id="dc82b815-830e-4fae-8b10-5899a1e063f7" />
  <Project Path="Punto3/Punto3.csproj" Id="b3d6a2be-9ff1-4cd3-a8e2-594783a9871d" />
  <Project Path="Punto4/Punto4.csproj" Id="a73c5ca9-6031-4be9-b387-bcc0bfc33d88" />
</Solution>
