<Solution>
  <Project Path="Alejandra-Chavez ACT8/Alejandra-Chavez ACT8.csproj" Id="97072016-7edb-4e31-bc95-f4bd78f405ea" />
  <Project Path="Punto2/Punto2.csproj" Id="42643145-8936-43e6-82dd-49aa7ba5051b" />
  <Project Path="Punto3/Punto3.csproj" Id="95f0dd68-b9cd-4e0f-8b7e-a999c237d0ee" />
  <Project Path="Punto4/Punto4.csproj" Id="d2a68fca-b884-4547-8b65-5d670ac2eb75" />
</Solution>
