<Solution>
  <Project Path="Alejandra-Chavez ACT2/Alejandra-Chavez ACT2.csproj" Id="d6975b79-acdd-48f1-aca5-6e4f457a69fe" />
  <Project Path="Punto2/Punto2.csproj" Id="7b94decc-3f7e-4d59-b8f8-9c3e6c2d3819" />
  <Project Path="Punto3/Punto3.csproj" Id="250bdd9f-bf5c-40ec-b1f1-bca82aa1bf1c" />
  <Project Path="Punto4/Punto4.csproj" Id="9a2f9698-f231-4353-8148-cd99b39151a8" />
</Solution>
