<Solution>
  <Project Path="Alejandra-Chavez ACT6/Alejandra-Chavez ACT6.csproj" Id="b11689d5-5fd1-4385-a71e-46676d095d68" />
  <Project Path="Punto 2/Punto 2.csproj" Id="41a2614d-e0a1-4527-821f-238470ee5ff6" />
  <Project Path="Punto 3/Punto 3.csproj" Id="651136a3-008a-4dfb-b0b4-b47c552ffc54" />
  <Project Path="Punto 4/Punto 4.csproj" Id="5267fdc7-2fd9-42da-a660-c1246ced1ec4" />
</Solution>
