<Solution>
  <Project Path="Alejandra-Chavez ACT9/Alejandra-Chavez ACT9.csproj" Id="6bf92ac0-f1af-4102-b65e-29f2bcb74b98" />
  <Project Path="Punto2/Punto2.csproj" Id="c87b80fe-948a-4387-8f9c-20c0124421f5" />
  <Project Path="Punto3/Punto3.csproj" Id="c505c3de-69b8-4919-b9bf-c1272dd0f6ea" />
  <Project Path="Punto4/Punto4.csproj" Id="daa53e74-1806-48d7-84f7-b0b4eaa10b13" />
</Solution>
