<Solution>
  <Project Path="Alejandra-Chavez ACT5/Alejandra-Chavez ACT5.csproj" Id="d3490cd0-f15f-4518-9e24-b2135fcef440" />
  <Project Path="Punto 3/Punto 3.csproj" Id="1672f3c1-a87f-4252-9b51-2ffe48bb3329" />
  <Project Path="Punto2/Punto2.csproj" Id="7b55df0a-bdc3-464c-ae53-c89614b81dde" />
  <Project Path="Punto4/Punto4.csproj" Id="6dfd9201-6477-4c0c-8721-0b2aa85e4a4d" />
</Solution>
