<Solution>
  <Project Path="Punto1/Punto1.csproj" Id="bff7549b-6cf9-4b7f-81ae-a0384f342c7d" />
  <Project Path="Punto2/Punto2.csproj" Id="556c855c-54ef-445c-bad7-b1b8be4ddf6a" />
  <Project Path="Punto3/Punto3.csproj" Id="f30004ce-ac2e-417e-8973-9eb80389b7ed" />
  <Project Path="Punto4/Punto4.csproj" Id="e66549d3-44fc-46fe-9d04-6fc494316970" />
</Solution>
